
Microsoft Visual Studio Solution File, Format Version 10.00
# Visual Studio 2008
Project("{FAE04EC0-301F-11D3-BF4B-00C04F79EFBC}") = "BnBPosClientNCF35", "BnBPosClientNCF35\BnBPosClientNCF35.csproj", "{F7A61975-4CBA-4559-8FE8-B195226817FC}"
EndProject
Project("{FAE04EC0-301F-11D3-BF4B-00C04F79EFBC}") = "NCFExt", "NCFExt\NCFExt.csproj", "{DF9BD544-4BD3-4655-B0D1-570B20FB5EC8}"
EndProject
Project("{FAE04EC0-301F-11D3-BF4B-00C04F79EFBC}") = "NCFControls", "NCFControls\NCFControls.csproj", "{BF5C5931-051C-42A1-8C3F-F13BD780BB1F}"
EndProject
Project("{FAE04EC0-301F-11D3-BF4B-00C04F79EFBC}") = "NCFBCReader", "NCFBCReader\NCFBCReader.csproj", "{6A39749F-6E2D-45F8-B489-81CFE7EB0690}"
EndProject
Project("{FAE04EC0-301F-11D3-BF4B-00C04F79EFBC}") = "RetroLab.REST.CF.VS2008", "NCFRest\RetroLab.REST.CF.VS2008.csproj", "{9664BC87-B023-49EC-9BC9-6A1B80966D58}"
EndProject
Project("{FAE04EC0-301F-11D3-BF4B-00C04F79EFBC}") = "RetroLab.REST.VS2008", "NCFRest\RetroLab.REST.VS2008.csproj", "{3EB95485-2A72-4670-B596-6AA818AC1E94}"
EndProject
Project("{FAE04EC0-301F-11D3-BF4B-00C04F79EFBC}") = "RestTestCF", "RestTestCF\RestTestCF.csproj", "{1457AE24-035A-47D6-9827-3282CEA1CEDF}"
EndProject
Project("{FAE04EC0-301F-11D3-BF4B-00C04F79EFBC}") = "RestTest", "RestTest\RestTest.csproj", "{2CE58979-DB64-4DAC-856E-FF2EB4B8D97A}"
EndProject
Global
	GlobalSection(SolutionConfigurationPlatforms) = preSolution
		Debug|Any CPU = Debug|Any CPU
		Release|Any CPU = Release|Any CPU
	EndGlobalSection
	GlobalSection(ProjectConfigurationPlatforms) = postSolution
		{F7A61975-4CBA-4559-8FE8-B195226817FC}.Debug|Any CPU.ActiveCfg = Debug|Any CPU
		{F7A61975-4CBA-4559-8FE8-B195226817FC}.Debug|Any CPU.Build.0 = Debug|Any CPU
		{F7A61975-4CBA-4559-8FE8-B195226817FC}.Debug|Any CPU.Deploy.0 = Debug|Any CPU
		{F7A61975-4CBA-4559-8FE8-B195226817FC}.Release|Any CPU.ActiveCfg = Release|Any CPU
		{F7A61975-4CBA-4559-8FE8-B195226817FC}.Release|Any CPU.Build.0 = Release|Any CPU
		{F7A61975-4CBA-4559-8FE8-B195226817FC}.Release|Any CPU.Deploy.0 = Release|Any CPU
		{DF9BD544-4BD3-4655-B0D1-570B20FB5EC8}.Debug|Any CPU.ActiveCfg = Debug|Any CPU
		{DF9BD544-4BD3-4655-B0D1-570B20FB5EC8}.Debug|Any CPU.Build.0 = Debug|Any CPU
		{DF9BD544-4BD3-4655-B0D1-570B20FB5EC8}.Release|Any CPU.ActiveCfg = Release|Any CPU
		{DF9BD544-4BD3-4655-B0D1-570B20FB5EC8}.Release|Any CPU.Build.0 = Release|Any CPU
		{BF5C5931-051C-42A1-8C3F-F13BD780BB1F}.Debug|Any CPU.ActiveCfg = Debug|Any CPU
		{BF5C5931-051C-42A1-8C3F-F13BD780BB1F}.Debug|Any CPU.Build.0 = Debug|Any CPU
		{BF5C5931-051C-42A1-8C3F-F13BD780BB1F}.Release|Any CPU.ActiveCfg = Release|Any CPU
		{BF5C5931-051C-42A1-8C3F-F13BD780BB1F}.Release|Any CPU.Build.0 = Release|Any CPU
		{6A39749F-6E2D-45F8-B489-81CFE7EB0690}.Debug|Any CPU.ActiveCfg = Debug|Any CPU
		{6A39749F-6E2D-45F8-B489-81CFE7EB0690}.Debug|Any CPU.Build.0 = Debug|Any CPU
		{6A39749F-6E2D-45F8-B489-81CFE7EB0690}.Release|Any CPU.ActiveCfg = Release|Any CPU
		{6A39749F-6E2D-45F8-B489-81CFE7EB0690}.Release|Any CPU.Build.0 = Release|Any CPU
		{9664BC87-B023-49EC-9BC9-6A1B80966D58}.Debug|Any CPU.ActiveCfg = Debug|Any CPU
		{9664BC87-B023-49EC-9BC9-6A1B80966D58}.Debug|Any CPU.Build.0 = Debug|Any CPU
		{9664BC87-B023-49EC-9BC9-6A1B80966D58}.Release|Any CPU.ActiveCfg = Release|Any CPU
		{9664BC87-B023-49EC-9BC9-6A1B80966D58}.Release|Any CPU.Build.0 = Release|Any CPU
		{3EB95485-2A72-4670-B596-6AA818AC1E94}.Debug|Any CPU.ActiveCfg = Debug|Any CPU
		{3EB95485-2A72-4670-B596-6AA818AC1E94}.Debug|Any CPU.Build.0 = Debug|Any CPU
		{3EB95485-2A72-4670-B596-6AA818AC1E94}.Release|Any CPU.ActiveCfg = Release|Any CPU
		{3EB95485-2A72-4670-B596-6AA818AC1E94}.Release|Any CPU.Build.0 = Release|Any CPU
		{1457AE24-035A-47D6-9827-3282CEA1CEDF}.Debug|Any CPU.ActiveCfg = Debug|Any CPU
		{1457AE24-035A-47D6-9827-3282CEA1CEDF}.Debug|Any CPU.Build.0 = Debug|Any CPU
		{1457AE24-035A-47D6-9827-3282CEA1CEDF}.Debug|Any CPU.Deploy.0 = Debug|Any CPU
		{1457AE24-035A-47D6-9827-3282CEA1CEDF}.Release|Any CPU.ActiveCfg = Release|Any CPU
		{1457AE24-035A-47D6-9827-3282CEA1CEDF}.Release|Any CPU.Build.0 = Release|Any CPU
		{1457AE24-035A-47D6-9827-3282CEA1CEDF}.Release|Any CPU.Deploy.0 = Release|Any CPU
		{2CE58979-DB64-4DAC-856E-FF2EB4B8D97A}.Debug|Any CPU.ActiveCfg = Debug|Any CPU
		{2CE58979-DB64-4DAC-856E-FF2EB4B8D97A}.Debug|Any CPU.Build.0 = Debug|Any CPU
		{2CE58979-DB64-4DAC-856E-FF2EB4B8D97A}.Release|Any CPU.ActiveCfg = Release|Any CPU
		{2CE58979-DB64-4DAC-856E-FF2EB4B8D97A}.Release|Any CPU.Build.0 = Release|Any CPU
	EndGlobalSection
	GlobalSection(SolutionProperties) = preSolution
		HideSolutionNode = FALSE
	EndGlobalSection
EndGlobal
